
Microsoft Visual Studio Solution File, Format Version 12.00
# Visual Studio Version 16
VisualStudioVersion = 16.0.31005.135
MinimumVisualStudioVersion = 10.0.40219.1
Project("{8BC9CEB8-8B4A-11D0-8D11-00A0C91BC942}") = "Alphabet", "Alphabet\Alphabet.vcxproj", "{8947CD99-1BB2-4786-A080-817AEC51D8C9}"
EndProject
Global
	GlobalSection(SolutionConfigurationPlatforms) = preSolution
		Debug|x64 = Debug|x64
		Debug|x86 = Debug|x86
		Release|x64 = Release|x64
		Release|x86 = Release|x86
	EndGlobalSection
	GlobalSection(ProjectConfigurationPlatforms) = postSolution
		{8947CD99-1BB2-4786-A080-817AEC51D8C9}.Debug|x64.ActiveCfg = Debug|x64
		{8947CD99-1BB2-4786-A080-817AEC51D8C9}.Debug|x64.Build.0 = Debug|x64
		{8947CD99-1BB2-4786-A080-817AEC51D8C9}.Debug|x86.ActiveCfg = Debug|Win32
		{8947CD99-1BB2-4786-A080-817AEC51D8C9}.Debug|x86.Build.0 = Debug|Win32
		{8947CD99-1BB2-4786-A080-817AEC51D8C9}.Release|x64.ActiveCfg = Release|x64
		{8947CD99-1BB2-4786-A080-817AEC51D8C9}.Release|x64.Build.0 = Release|x64
		{8947CD99-1BB2-4786-A080-817AEC51D8C9}.Release|x86.ActiveCfg = Release|Win32
		{8947CD99-1BB2-4786-A080-817AEC51D8C9}.Release|x86.Build.0 = Release|Win32
	EndGlobalSection
	GlobalSection(SolutionProperties) = preSolution
		HideSolutionNode = FALSE
	EndGlobalSection
	GlobalSection(ExtensibilityGlobals) = postSolution
		SolutionGuid = {12DF777D-9ABE-4B90-A140-C9F530A70F9D}
	EndGlobalSection
EndGlobal
